# This file is automatically @generated by Cargo.
# It is not intended for manual editing.
version = 4

[[package]]
name = "metrics"
version = "0.1.0"
dependencies = [
 "rns-hooks-sdk",
]

[[package]]
name = "rns-hooks-abi"
version = "0.1.5"

[[package]]
name = "rns-hooks-sdk"
version = "0.1.5"
dependencies = [
 "rns-hooks-abi",
]
